Microsoft Visual Studio Solution File, Format Version 12.00
# Visual Studio Version 17
VisualStudioVersion = 17.9.34902.65
MinimumVisualStudioVersion = 10.0.40219.1
Project("{9A19103F-16F7-4668-BE54-9A1E7A4F7556}") = "ConsoleApp1", "ConsoleApp1\ConsoleApp1.csproj", "{CF76241F-48D4-443E-97F0-57143738CC64}"
EndProject
Project("{FAE04EC0-301F-11D3-BF4B-00C04F79EFBC}") = "ClassLibrary1", "ClassLibrary1\ClassLibrary1.csproj", "{FE23F275-6E49-4908-866D-34CD78BFE988}"
EndProject
Project("{FAE04EC0-301F-11D3-BF4B-00C04F79EFBC}") = "Gemini335", "Gemini335\Gemini335.csproj", "{AE666426-E09E-492F-B57C-4C60605C2EC5}"
EndProject
Global
	GlobalSection(SolutionConfigurationPlatforms) = preSolution
		Debug|Any CPU = Debug|Any CPU
		Debug|x64 = Debug|x64
		Release|Any CPU = Release|Any CPU
		Release|x64 = Release|x64
	EndGlobalSection
	GlobalSection(ProjectConfigurationPlatforms) = postSolution
		{CF76241F-48D4-443E-97F0-57143738CC64}.Debug|Any CPU.ActiveCfg = Debug|Any CPU
		{CF76241F-48D4-443E-97F0-57143738CC64}.Debug|Any CPU.Build.0 = Debug|Any CPU
		{CF76241F-48D4-443E-97F0-57143738CC64}.Debug|x64.ActiveCfg = Debug|Any CPU
		{CF76241F-48D4-443E-97F0-57143738CC64}.Debug|x64.Build.0 = Debug|Any CPU
		{CF76241F-48D4-443E-97F0-57143738CC64}.Release|Any CPU.ActiveCfg = Release|Any CPU
		{CF76241F-48D4-443E-97F0-57143738CC64}.Release|Any CPU.Build.0 = Release|Any CPU
		{CF76241F-48D4-443E-97F0-57143738CC64}.Release|x64.ActiveCfg = Release|Any CPU
		{CF76241F-48D4-443E-97F0-57143738CC64}.Release|x64.Build.0 = Release|Any CPU
		{FE23F275-6E49-4908-866D-34CD78BFE988}.Debug|Any CPU.ActiveCfg = Debug|Any CPU
		{FE23F275-6E49-4908-866D-34CD78BFE988}.Debug|Any CPU.Build.0 = Debug|Any CPU
		{FE23F275-6E49-4908-866D-34CD78BFE988}.Debug|x64.ActiveCfg = Debug|Any CPU
		{FE23F275-6E49-4908-866D-34CD78BFE988}.Debug|x64.Build.0 = Debug|Any CPU
		{FE23F275-6E49-4908-866D-34CD78BFE988}.Release|Any CPU.ActiveCfg = Release|Any CPU
		{FE23F275-6E49-4908-866D-34CD78BFE988}.Release|Any CPU.Build.0 = Release|Any CPU
		{FE23F275-6E49-4908-866D-34CD78BFE988}.Release|x64.ActiveCfg = Release|Any CPU
		{FE23F275-6E49-4908-866D-34CD78BFE988}.Release|x64.Build.0 = Release|Any CPU
		{AE666426-E09E-492F-B57C-4C60605C2EC5}.Debug|Any CPU.ActiveCfg = Debug|Any CPU
		{AE666426-E09E-492F-B57C-4C60605C2EC5}.Debug|Any CPU.Build.0 = Debug|Any CPU
		{AE666426-E09E-492F-B57C-4C60605C2EC5}.Debug|x64.ActiveCfg = Debug|Any CPU
		{AE666426-E09E-492F-B57C-4C60605C2EC5}.Debug|x64.Build.0 = Debug|Any CPU
		{AE666426-E09E-492F-B57C-4C60605C2EC5}.Release|Any CPU.ActiveCfg = Release|Any CPU
		{AE666426-E09E-492F-B57C-4C60605C2EC5}.Release|Any CPU.Build.0 = Release|Any CPU
		{AE666426-E09E-492F-B57C-4C60605C2EC5}.Release|x64.ActiveCfg = Release|Any CPU
		{AE666426-E09E-492F-B57C-4C60605C2EC5}.Release|x64.Build.0 = Release|Any CPU
	EndGlobalSection
	GlobalSection(SolutionProperties) = preSolution
		HideSolutionNode = FALSE
	EndGlobalSection
	GlobalSection(ExtensibilityGlobals) = postSolution
		SolutionGuid = {24F93F06-12FF-46B5-B0E0-BBF51457E2D1}
	EndGlobalSection
EndGlobal
