
Microsoft Visual Studio Solution File, Format Version 12.00
# Visual Studio Version 17
VisualStudioVersion = 17.9.34902.65
MinimumVisualStudioVersion = 10.0.40219.1
Project("{9A19103F-16F7-4668-BE54-9A1E7A4F7556}") = "ConsoleApp1", "ConsoleApp1\ConsoleApp1.csproj", "{CF76241F-48D4-443E-97F0-57143738CC64}"
EndProject
Project("{FAE04EC0-301F-11D3-BF4B-00C04F79EFBC}") = "ClassLibrary1", "ClassLibrary1\ClassLibrary1.csproj", "{FE23F275-6E49-4908-866D-34CD78BFE988}"
EndProject
Project("{FAE04EC0-301F-11D3-BF4B-00C04F79EFBC}") = "递归", "递归\递归.csproj", "{2E458AF4-F744-40D0-86B9-0757C33818F2}"
EndProject
Project("{FAE04EC0-301F-11D3-BF4B-00C04F79EFBC}") = "枚举", "枚举\枚举.csproj", "{212B36CE-C65A-4C86-85A9-4A1D14B08F97}"
EndProject
Project("{FAE04EC0-301F-11D3-BF4B-00C04F79EFBC}") = "条件判断", "条件判断\条件判断.csproj", "{6AC155FA-DE59-416D-A203-F7575D334F34}"
EndProject
Project("{FAE04EC0-301F-11D3-BF4B-00C04F79EFBC}") = "扩展方法", "扩展方法\扩展方法.csproj", "{45D2CBB9-CB3E-4478-B7A5-3E7111FA869D}"
EndProject
Project("{FAE04EC0-301F-11D3-BF4B-00C04F79EFBC}") = "对象与类", "对象\对象与类.csproj", "{5F439ED1-36C5-4CDA-BBA3-B81B4692D1AD}"
EndProject
Project("{FAE04EC0-301F-11D3-BF4B-00C04F79EFBC}") = "关键词- 静态", "静态关键词\关键词- 静态.csproj", "{27346994-FC3B-4185-A3C8-B9999E5D3581}"
EndProject
Project("{FAE04EC0-301F-11D3-BF4B-00C04F79EFBC}") = "特征", "特征\特征.csproj", "{C79FFF9D-F888-48EC-8D9A-B15E9075B3DB}"
EndProject
Project("{FAE04EC0-301F-11D3-BF4B-00C04F79EFBC}") = "设计模式 - 依赖注入", "依赖注入 - 设计模式\设计模式 - 依赖注入.csproj", "{2D73B6D3-F3B3-48B8-A307-9B05F24010C2}"
EndProject
Project("{FAE04EC0-301F-11D3-BF4B-00C04F79EFBC}") = "反射", "反射\反射.csproj", "{76F6D04F-4204-43E8-A12F-3DEAD64F687F}"
EndProject
Project("{FAE04EC0-301F-11D3-BF4B-00C04F79EFBC}") = "LINQ", "LINQ\LINQ.csproj", "{8814C3AC-880C-4923-9713-25AE757AC073}"
EndProject
Project("{FAE04EC0-301F-11D3-BF4B-00C04F79EFBC}") = "委托", "委托\委托.csproj", "{EAF323C8-0D9F-4B45-9331-F4D5AD8C24B7}"
EndProject
Project("{FAE04EC0-301F-11D3-BF4B-00C04F79EFBC}") = "值类型引用类型", "值类型引用类型\值类型引用类型.csproj", "{AF5CFF22-8843-4EC5-9726-D3AFABF84E08}"
EndProject
Project("{FAE04EC0-301F-11D3-BF4B-00C04F79EFBC}") = "泛型", "泛型\泛型.csproj", "{ADE33725-0CDD-40C0-A32E-303C30C47D0D}"
EndProject
Project("{FAE04EC0-301F-11D3-BF4B-00C04F79EFBC}") = "设计模式 - 策略模式", "设计模式 - 策略模式\设计模式 - 策略模式.csproj", "{3C56F4BE-53B2-4E16-B5EC-B87FCB438DF7}"
EndProject
Project("{FAE04EC0-301F-11D3-BF4B-00C04F79EFBC}") = "设计模式 - 工厂模式", "设计模式 - 工厂模式\设计模式 - 工厂模式.csproj", "{1F121922-E3DF-4253-B270-D1250BC9854A}"
EndProject
Project("{FAE04EC0-301F-11D3-BF4B-00C04F79EFBC}") = "设计模式 - 装饰模式", "设计模式 - 装饰模式\设计模式 - 装饰模式.csproj", "{AD31D691-CE1B-4F60-8025-E9D8C1ADFF93}"
EndProject
Project("{FAE04EC0-301F-11D3-BF4B-00C04F79EFBC}") = "LeeCode", "ConsoleApp2\LeeCode.csproj", "{8EAC478C-34E3-4938-A4AF-B91837CDE56C}"
EndProject
Project("{FAE04EC0-301F-11D3-BF4B-00C04F79EFBC}") = "匿名类型对象", "匿名类型对象\匿名类型对象.csproj", "{8065EC79-0ADA-4C7E-BB86-C826DE050351}"
EndProject
Project("{FAE04EC0-301F-11D3-BF4B-00C04F79EFBC}") = "设计模式 - 代理模式", "设计模式 - 代理模式\设计模式 - 代理模式.csproj", "{840707A0-60FE-46EF-88F2-F9B1C932759E}"
EndProject
Project("{FAE04EC0-301F-11D3-BF4B-00C04F79EFBC}") = "设计模式 - 原型模式", "设计模式 - 原型模式\设计模式 - 原型模式.csproj", "{B392073C-CD36-43B8-BE7D-862BDD744722}"
EndProject
Project("{FAE04EC0-301F-11D3-BF4B-00C04F79EFBC}") = "属性", "属性\属性.csproj", "{217B161B-861B-468B-9D18-932DA97EC36C}"
EndProject
Project("{FAE04EC0-301F-11D3-BF4B-00C04F79EFBC}") = "设计模式 - 模板方法", "设计模式 - 模板方法\设计模式 - 模板方法.csproj", "{DF82C0DE-B24D-453B-BAC0-FE501E0C115C}"
EndProject
Project("{FAE04EC0-301F-11D3-BF4B-00C04F79EFBC}") = "设计模式 - 外观模式", "设计模式 - 外观模式\设计模式 - 外观模式.csproj", "{ED407EE1-2489-4C90-AFEB-231E11F59ABC}"
EndProject
Project("{FAE04EC0-301F-11D3-BF4B-00C04F79EFBC}") = "设计模式 - 建造者模式", "设计模式 - 建造者模式\设计模式 - 建造者模式.csproj", "{863BA366-6209-4339-8D37-009BD7FCED5E}"
EndProject
Project("{FAE04EC0-301F-11D3-BF4B-00C04F79EFBC}") = "设计模式 - 观察者模式", "设计模式 - 观察者模式\设计模式 - 观察者模式.csproj", "{EC4706EB-69CF-4EA2-A4B2-8EFD0B8A494F}"
EndProject
Project("{FAE04EC0-301F-11D3-BF4B-00C04F79EFBC}") = "in_out_ref", "in_out_ref\in_out_ref.csproj", "{49BAFAC6-9A73-4B89-A700-10B44D539C9A}"
EndProject
Project("{FAE04EC0-301F-11D3-BF4B-00C04F79EFBC}") = "设计模式 - 状态模式", "设计模式 - 状态模式\设计模式 - 状态模式.csproj", "{32C6E6BC-1A0A-4F22-8727-17117797B1B4}"
EndProject
Global
	GlobalSection(SolutionConfigurationPlatforms) = preSolution
		Debug|Any CPU = Debug|Any CPU
		Debug|x64 = Debug|x64
		Release|Any CPU = Release|Any CPU
		Release|x64 = Release|x64
	EndGlobalSection
	GlobalSection(ProjectConfigurationPlatforms) = postSolution
		{CF76241F-48D4-443E-97F0-57143738CC64}.Debug|Any CPU.ActiveCfg = Debug|Any CPU
		{CF76241F-48D4-443E-97F0-57143738CC64}.Debug|Any CPU.Build.0 = Debug|Any CPU
		{CF76241F-48D4-443E-97F0-57143738CC64}.Debug|x64.ActiveCfg = Debug|Any CPU
		{CF76241F-48D4-443E-97F0-57143738CC64}.Debug|x64.Build.0 = Debug|Any CPU
		{CF76241F-48D4-443E-97F0-57143738CC64}.Release|Any CPU.ActiveCfg = Release|Any CPU
		{CF76241F-48D4-443E-97F0-57143738CC64}.Release|Any CPU.Build.0 = Release|Any CPU
		{CF76241F-48D4-443E-97F0-57143738CC64}.Release|x64.ActiveCfg = Release|Any CPU
		{CF76241F-48D4-443E-97F0-57143738CC64}.Release|x64.Build.0 = Release|Any CPU
		{FE23F275-6E49-4908-866D-34CD78BFE988}.Debug|Any CPU.ActiveCfg = Debug|Any CPU
		{FE23F275-6E49-4908-866D-34CD78BFE988}.Debug|Any CPU.Build.0 = Debug|Any CPU
		{FE23F275-6E49-4908-866D-34CD78BFE988}.Debug|x64.ActiveCfg = Debug|Any CPU
		{FE23F275-6E49-4908-866D-34CD78BFE988}.Debug|x64.Build.0 = Debug|Any CPU
		{FE23F275-6E49-4908-866D-34CD78BFE988}.Release|Any CPU.ActiveCfg = Release|Any CPU
		{FE23F275-6E49-4908-866D-34CD78BFE988}.Release|Any CPU.Build.0 = Release|Any CPU
		{FE23F275-6E49-4908-866D-34CD78BFE988}.Release|x64.ActiveCfg = Release|Any CPU
		{FE23F275-6E49-4908-866D-34CD78BFE988}.Release|x64.Build.0 = Release|Any CPU
		{2E458AF4-F744-40D0-86B9-0757C33818F2}.Debug|Any CPU.ActiveCfg = Debug|Any CPU
		{2E458AF4-F744-40D0-86B9-0757C33818F2}.Debug|Any CPU.Build.0 = Debug|Any CPU
		{2E458AF4-F744-40D0-86B9-0757C33818F2}.Debug|x64.ActiveCfg = Debug|Any CPU
		{2E458AF4-F744-40D0-86B9-0757C33818F2}.Debug|x64.Build.0 = Debug|Any CPU
		{2E458AF4-F744-40D0-86B9-0757C33818F2}.Release|Any CPU.ActiveCfg = Release|Any CPU
		{2E458AF4-F744-40D0-86B9-0757C33818F2}.Release|Any CPU.Build.0 = Release|Any CPU
		{2E458AF4-F744-40D0-86B9-0757C33818F2}.Release|x64.ActiveCfg = Release|Any CPU
		{2E458AF4-F744-40D0-86B9-0757C33818F2}.Release|x64.Build.0 = Release|Any CPU
		{212B36CE-C65A-4C86-85A9-4A1D14B08F97}.Debug|Any CPU.ActiveCfg = Debug|Any CPU
		{212B36CE-C65A-4C86-85A9-4A1D14B08F97}.Debug|Any CPU.Build.0 = Debug|Any CPU
		{212B36CE-C65A-4C86-85A9-4A1D14B08F97}.Debug|x64.ActiveCfg = Debug|Any CPU
		{212B36CE-C65A-4C86-85A9-4A1D14B08F97}.Debug|x64.Build.0 = Debug|Any CPU
		{212B36CE-C65A-4C86-85A9-4A1D14B08F97}.Release|Any CPU.ActiveCfg = Release|Any CPU
		{212B36CE-C65A-4C86-85A9-4A1D14B08F97}.Release|Any CPU.Build.0 = Release|Any CPU
		{212B36CE-C65A-4C86-85A9-4A1D14B08F97}.Release|x64.ActiveCfg = Release|Any CPU
		{212B36CE-C65A-4C86-85A9-4A1D14B08F97}.Release|x64.Build.0 = Release|Any CPU
		{6AC155FA-DE59-416D-A203-F7575D334F34}.Debug|Any CPU.ActiveCfg = Debug|Any CPU
		{6AC155FA-DE59-416D-A203-F7575D334F34}.Debug|Any CPU.Build.0 = Debug|Any CPU
		{6AC155FA-DE59-416D-A203-F7575D334F34}.Debug|x64.ActiveCfg = Debug|Any CPU
		{6AC155FA-DE59-416D-A203-F7575D334F34}.Debug|x64.Build.0 = Debug|Any CPU
		{6AC155FA-DE59-416D-A203-F7575D334F34}.Release|Any CPU.ActiveCfg = Release|Any CPU
		{6AC155FA-DE59-416D-A203-F7575D334F34}.Release|Any CPU.Build.0 = Release|Any CPU
		{6AC155FA-DE59-416D-A203-F7575D334F34}.Release|x64.ActiveCfg = Release|Any CPU
		{6AC155FA-DE59-416D-A203-F7575D334F34}.Release|x64.Build.0 = Release|Any CPU
		{45D2CBB9-CB3E-4478-B7A5-3E7111FA869D}.Debug|Any CPU.ActiveCfg = Debug|Any CPU
		{45D2CBB9-CB3E-4478-B7A5-3E7111FA869D}.Debug|Any CPU.Build.0 = Debug|Any CPU
		{45D2CBB9-CB3E-4478-B7A5-3E7111FA869D}.Debug|x64.ActiveCfg = Debug|Any CPU
		{45D2CBB9-CB3E-4478-B7A5-3E7111FA869D}.Debug|x64.Build.0 = Debug|Any CPU
		{45D2CBB9-CB3E-4478-B7A5-3E7111FA869D}.Release|Any CPU.ActiveCfg = Release|Any CPU
		{45D2CBB9-CB3E-4478-B7A5-3E7111FA869D}.Release|Any CPU.Build.0 = Release|Any CPU
		{45D2CBB9-CB3E-4478-B7A5-3E7111FA869D}.Release|x64.ActiveCfg = Release|Any CPU
		{45D2CBB9-CB3E-4478-B7A5-3E7111FA869D}.Release|x64.Build.0 = Release|Any CPU
		{5F439ED1-36C5-4CDA-BBA3-B81B4692D1AD}.Debug|Any CPU.ActiveCfg = Debug|Any CPU
		{5F439ED1-36C5-4CDA-BBA3-B81B4692D1AD}.Debug|Any CPU.Build.0 = Debug|Any CPU
		{5F439ED1-36C5-4CDA-BBA3-B81B4692D1AD}.Debug|x64.ActiveCfg = Debug|Any CPU
		{5F439ED1-36C5-4CDA-BBA3-B81B4692D1AD}.Debug|x64.Build.0 = Debug|Any CPU
		{5F439ED1-36C5-4CDA-BBA3-B81B4692D1AD}.Release|Any CPU.ActiveCfg = Release|Any CPU
		{5F439ED1-36C5-4CDA-BBA3-B81B4692D1AD}.Release|Any CPU.Build.0 = Release|Any CPU
		{5F439ED1-36C5-4CDA-BBA3-B81B4692D1AD}.Release|x64.ActiveCfg = Release|Any CPU
		{5F439ED1-36C5-4CDA-BBA3-B81B4692D1AD}.Release|x64.Build.0 = Release|Any CPU
		{27346994-FC3B-4185-A3C8-B9999E5D3581}.Debug|Any CPU.ActiveCfg = Debug|Any CPU
		{27346994-FC3B-4185-A3C8-B9999E5D3581}.Debug|Any CPU.Build.0 = Debug|Any CPU
		{27346994-FC3B-4185-A3C8-B9999E5D3581}.Debug|x64.ActiveCfg = Debug|Any CPU
		{27346994-FC3B-4185-A3C8-B9999E5D3581}.Debug|x64.Build.0 = Debug|Any CPU
		{27346994-FC3B-4185-A3C8-B9999E5D3581}.Release|Any CPU.ActiveCfg = Release|Any CPU
		{27346994-FC3B-4185-A3C8-B9999E5D3581}.Release|Any CPU.Build.0 = Release|Any CPU
		{27346994-FC3B-4185-A3C8-B9999E5D3581}.Release|x64.ActiveCfg = Release|Any CPU
		{27346994-FC3B-4185-A3C8-B9999E5D3581}.Release|x64.Build.0 = Release|Any CPU
		{C79FFF9D-F888-48EC-8D9A-B15E9075B3DB}.Debug|Any CPU.ActiveCfg = Debug|Any CPU
		{C79FFF9D-F888-48EC-8D9A-B15E9075B3DB}.Debug|Any CPU.Build.0 = Debug|Any CPU
		{C79FFF9D-F888-48EC-8D9A-B15E9075B3DB}.Debug|x64.ActiveCfg = Debug|Any CPU
		{C79FFF9D-F888-48EC-8D9A-B15E9075B3DB}.Debug|x64.Build.0 = Debug|Any CPU
		{C79FFF9D-F888-48EC-8D9A-B15E9075B3DB}.Release|Any CPU.ActiveCfg = Release|Any CPU
		{C79FFF9D-F888-48EC-8D9A-B15E9075B3DB}.Release|Any CPU.Build.0 = Release|Any CPU
		{C79FFF9D-F888-48EC-8D9A-B15E9075B3DB}.Release|x64.ActiveCfg = Release|Any CPU
		{C79FFF9D-F888-48EC-8D9A-B15E9075B3DB}.Release|x64.Build.0 = Release|Any CPU
		{2D73B6D3-F3B3-48B8-A307-9B05F24010C2}.Debug|Any CPU.ActiveCfg = Debug|Any CPU
		{2D73B6D3-F3B3-48B8-A307-9B05F24010C2}.Debug|Any CPU.Build.0 = Debug|Any CPU
		{2D73B6D3-F3B3-48B8-A307-9B05F24010C2}.Debug|x64.ActiveCfg = Debug|Any CPU
		{2D73B6D3-F3B3-48B8-A307-9B05F24010C2}.Debug|x64.Build.0 = Debug|Any CPU
		{2D73B6D3-F3B3-48B8-A307-9B05F24010C2}.Release|Any CPU.ActiveCfg = Release|Any CPU
		{2D73B6D3-F3B3-48B8-A307-9B05F24010C2}.Release|Any CPU.Build.0 = Release|Any CPU
		{2D73B6D3-F3B3-48B8-A307-9B05F24010C2}.Release|x64.ActiveCfg = Release|Any CPU
		{2D73B6D3-F3B3-48B8-A307-9B05F24010C2}.Release|x64.Build.0 = Release|Any CPU
		{76F6D04F-4204-43E8-A12F-3DEAD64F687F}.Debug|Any CPU.ActiveCfg = Debug|Any CPU
		{76F6D04F-4204-43E8-A12F-3DEAD64F687F}.Debug|Any CPU.Build.0 = Debug|Any CPU
		{76F6D04F-4204-43E8-A12F-3DEAD64F687F}.Debug|x64.ActiveCfg = Debug|Any CPU
		{76F6D04F-4204-43E8-A12F-3DEAD64F687F}.Debug|x64.Build.0 = Debug|Any CPU
		{76F6D04F-4204-43E8-A12F-3DEAD64F687F}.Release|Any CPU.ActiveCfg = Release|Any CPU
		{76F6D04F-4204-43E8-A12F-3DEAD64F687F}.Release|Any CPU.Build.0 = Release|Any CPU
		{76F6D04F-4204-43E8-A12F-3DEAD64F687F}.Release|x64.ActiveCfg = Release|Any CPU
		{76F6D04F-4204-43E8-A12F-3DEAD64F687F}.Release|x64.Build.0 = Release|Any CPU
		{8814C3AC-880C-4923-9713-25AE757AC073}.Debug|Any CPU.ActiveCfg = Debug|Any CPU
		{8814C3AC-880C-4923-9713-25AE757AC073}.Debug|Any CPU.Build.0 = Debug|Any CPU
		{8814C3AC-880C-4923-9713-25AE757AC073}.Debug|x64.ActiveCfg = Debug|Any CPU
		{8814C3AC-880C-4923-9713-25AE757AC073}.Debug|x64.Build.0 = Debug|Any CPU
		{8814C3AC-880C-4923-9713-25AE757AC073}.Release|Any CPU.ActiveCfg = Release|Any CPU
		{8814C3AC-880C-4923-9713-25AE757AC073}.Release|Any CPU.Build.0 = Release|Any CPU
		{8814C3AC-880C-4923-9713-25AE757AC073}.Release|x64.ActiveCfg = Release|Any CPU
		{8814C3AC-880C-4923-9713-25AE757AC073}.Release|x64.Build.0 = Release|Any CPU
		{EAF323C8-0D9F-4B45-9331-F4D5AD8C24B7}.Debug|Any CPU.ActiveCfg = Debug|Any CPU
		{EAF323C8-0D9F-4B45-9331-F4D5AD8C24B7}.Debug|Any CPU.Build.0 = Debug|Any CPU
		{EAF323C8-0D9F-4B45-9331-F4D5AD8C24B7}.Debug|x64.ActiveCfg = Debug|Any CPU
		{EAF323C8-0D9F-4B45-9331-F4D5AD8C24B7}.Debug|x64.Build.0 = Debug|Any CPU
		{EAF323C8-0D9F-4B45-9331-F4D5AD8C24B7}.Release|Any CPU.ActiveCfg = Release|Any CPU
		{EAF323C8-0D9F-4B45-9331-F4D5AD8C24B7}.Release|Any CPU.Build.0 = Release|Any CPU
		{EAF323C8-0D9F-4B45-9331-F4D5AD8C24B7}.Release|x64.ActiveCfg = Release|Any CPU
		{EAF323C8-0D9F-4B45-9331-F4D5AD8C24B7}.Release|x64.Build.0 = Release|Any CPU
		{AF5CFF22-8843-4EC5-9726-D3AFABF84E08}.Debug|Any CPU.ActiveCfg = Debug|Any CPU
		{AF5CFF22-8843-4EC5-9726-D3AFABF84E08}.Debug|Any CPU.Build.0 = Debug|Any CPU
		{AF5CFF22-8843-4EC5-9726-D3AFABF84E08}.Debug|x64.ActiveCfg = Debug|Any CPU
		{AF5CFF22-8843-4EC5-9726-D3AFABF84E08}.Debug|x64.Build.0 = Debug|Any CPU
		{AF5CFF22-8843-4EC5-9726-D3AFABF84E08}.Release|Any CPU.ActiveCfg = Release|Any CPU
		{AF5CFF22-8843-4EC5-9726-D3AFABF84E08}.Release|Any CPU.Build.0 = Release|Any CPU
		{AF5CFF22-8843-4EC5-9726-D3AFABF84E08}.Release|x64.ActiveCfg = Release|Any CPU
		{AF5CFF22-8843-4EC5-9726-D3AFABF84E08}.Release|x64.Build.0 = Release|Any CPU
		{ADE33725-0CDD-40C0-A32E-303C30C47D0D}.Debug|Any CPU.ActiveCfg = Debug|Any CPU
		{ADE33725-0CDD-40C0-A32E-303C30C47D0D}.Debug|Any CPU.Build.0 = Debug|Any CPU
		{ADE33725-0CDD-40C0-A32E-303C30C47D0D}.Debug|x64.ActiveCfg = Debug|Any CPU
		{ADE33725-0CDD-40C0-A32E-303C30C47D0D}.Debug|x64.Build.0 = Debug|Any CPU
		{ADE33725-0CDD-40C0-A32E-303C30C47D0D}.Release|Any CPU.ActiveCfg = Release|Any CPU
		{ADE33725-0CDD-40C0-A32E-303C30C47D0D}.Release|Any CPU.Build.0 = Release|Any CPU
		{ADE33725-0CDD-40C0-A32E-303C30C47D0D}.Release|x64.ActiveCfg = Release|Any CPU
		{ADE33725-0CDD-40C0-A32E-303C30C47D0D}.Release|x64.Build.0 = Release|Any CPU
		{3C56F4BE-53B2-4E16-B5EC-B87FCB438DF7}.Debug|Any CPU.ActiveCfg = Debug|Any CPU
		{3C56F4BE-53B2-4E16-B5EC-B87FCB438DF7}.Debug|Any CPU.Build.0 = Debug|Any CPU
		{3C56F4BE-53B2-4E16-B5EC-B87FCB438DF7}.Debug|x64.ActiveCfg = Debug|Any CPU
		{3C56F4BE-53B2-4E16-B5EC-B87FCB438DF7}.Debug|x64.Build.0 = Debug|Any CPU
		{3C56F4BE-53B2-4E16-B5EC-B87FCB438DF7}.Release|Any CPU.ActiveCfg = Release|Any CPU
		{3C56F4BE-53B2-4E16-B5EC-B87FCB438DF7}.Release|Any CPU.Build.0 = Release|Any CPU
		{3C56F4BE-53B2-4E16-B5EC-B87FCB438DF7}.Release|x64.ActiveCfg = Release|Any CPU
		{3C56F4BE-53B2-4E16-B5EC-B87FCB438DF7}.Release|x64.Build.0 = Release|Any CPU
		{1F121922-E3DF-4253-B270-D1250BC9854A}.Debug|Any CPU.ActiveCfg = Debug|Any CPU
		{1F121922-E3DF-4253-B270-D1250BC9854A}.Debug|Any CPU.Build.0 = Debug|Any CPU
		{1F121922-E3DF-4253-B270-D1250BC9854A}.Debug|x64.ActiveCfg = Debug|Any CPU
		{1F121922-E3DF-4253-B270-D1250BC9854A}.Debug|x64.Build.0 = Debug|Any CPU
		{1F121922-E3DF-4253-B270-D1250BC9854A}.Release|Any CPU.ActiveCfg = Release|Any CPU
		{1F121922-E3DF-4253-B270-D1250BC9854A}.Release|Any CPU.Build.0 = Release|Any CPU
		{1F121922-E3DF-4253-B270-D1250BC9854A}.Release|x64.ActiveCfg = Release|Any CPU
		{1F121922-E3DF-4253-B270-D1250BC9854A}.Release|x64.Build.0 = Release|Any CPU
		{AD31D691-CE1B-4F60-8025-E9D8C1ADFF93}.Debug|Any CPU.ActiveCfg = Debug|Any CPU
		{AD31D691-CE1B-4F60-8025-E9D8C1ADFF93}.Debug|Any CPU.Build.0 = Debug|Any CPU
		{AD31D691-CE1B-4F60-8025-E9D8C1ADFF93}.Debug|x64.ActiveCfg = Debug|Any CPU
		{AD31D691-CE1B-4F60-8025-E9D8C1ADFF93}.Debug|x64.Build.0 = Debug|Any CPU
		{AD31D691-CE1B-4F60-8025-E9D8C1ADFF93}.Release|Any CPU.ActiveCfg = Release|Any CPU
		{AD31D691-CE1B-4F60-8025-E9D8C1ADFF93}.Release|Any CPU.Build.0 = Release|Any CPU
		{AD31D691-CE1B-4F60-8025-E9D8C1ADFF93}.Release|x64.ActiveCfg = Release|Any CPU
		{AD31D691-CE1B-4F60-8025-E9D8C1ADFF93}.Release|x64.Build.0 = Release|Any CPU
		{8EAC478C-34E3-4938-A4AF-B91837CDE56C}.Debug|Any CPU.ActiveCfg = Debug|Any CPU
		{8EAC478C-34E3-4938-A4AF-B91837CDE56C}.Debug|Any CPU.Build.0 = Debug|Any CPU
		{8EAC478C-34E3-4938-A4AF-B91837CDE56C}.Debug|x64.ActiveCfg = Debug|Any CPU
		{8EAC478C-34E3-4938-A4AF-B91837CDE56C}.Debug|x64.Build.0 = Debug|Any CPU
		{8EAC478C-34E3-4938-A4AF-B91837CDE56C}.Release|Any CPU.ActiveCfg = Release|Any CPU
		{8EAC478C-34E3-4938-A4AF-B91837CDE56C}.Release|Any CPU.Build.0 = Release|Any CPU
		{8EAC478C-34E3-4938-A4AF-B91837CDE56C}.Release|x64.ActiveCfg = Release|Any CPU
		{8EAC478C-34E3-4938-A4AF-B91837CDE56C}.Release|x64.Build.0 = Release|Any CPU
		{8065EC79-0ADA-4C7E-BB86-C826DE050351}.Debug|Any CPU.ActiveCfg = Debug|Any CPU
		{8065EC79-0ADA-4C7E-BB86-C826DE050351}.Debug|Any CPU.Build.0 = Debug|Any CPU
		{8065EC79-0ADA-4C7E-BB86-C826DE050351}.Debug|x64.ActiveCfg = Debug|Any CPU
		{8065EC79-0ADA-4C7E-BB86-C826DE050351}.Debug|x64.Build.0 = Debug|Any CPU
		{8065EC79-0ADA-4C7E-BB86-C826DE050351}.Release|Any CPU.ActiveCfg = Release|Any CPU
		{8065EC79-0ADA-4C7E-BB86-C826DE050351}.Release|Any CPU.Build.0 = Release|Any CPU
		{8065EC79-0ADA-4C7E-BB86-C826DE050351}.Release|x64.ActiveCfg = Release|Any CPU
		{8065EC79-0ADA-4C7E-BB86-C826DE050351}.Release|x64.Build.0 = Release|Any CPU
		{840707A0-60FE-46EF-88F2-F9B1C932759E}.Debug|Any CPU.ActiveCfg = Debug|Any CPU
		{840707A0-60FE-46EF-88F2-F9B1C932759E}.Debug|Any CPU.Build.0 = Debug|Any CPU
		{840707A0-60FE-46EF-88F2-F9B1C932759E}.Debug|x64.ActiveCfg = Debug|Any CPU
		{840707A0-60FE-46EF-88F2-F9B1C932759E}.Debug|x64.Build.0 = Debug|Any CPU
		{840707A0-60FE-46EF-88F2-F9B1C932759E}.Release|Any CPU.ActiveCfg = Release|Any CPU
		{840707A0-60FE-46EF-88F2-F9B1C932759E}.Release|Any CPU.Build.0 = Release|Any CPU
		{840707A0-60FE-46EF-88F2-F9B1C932759E}.Release|x64.ActiveCfg = Release|Any CPU
		{840707A0-60FE-46EF-88F2-F9B1C932759E}.Release|x64.Build.0 = Release|Any CPU
		{B392073C-CD36-43B8-BE7D-862BDD744722}.Debug|Any CPU.ActiveCfg = Debug|Any CPU
		{B392073C-CD36-43B8-BE7D-862BDD744722}.Debug|Any CPU.Build.0 = Debug|Any CPU
		{B392073C-CD36-43B8-BE7D-862BDD744722}.Debug|x64.ActiveCfg = Debug|Any CPU
		{B392073C-CD36-43B8-BE7D-862BDD744722}.Debug|x64.Build.0 = Debug|Any CPU
		{B392073C-CD36-43B8-BE7D-862BDD744722}.Release|Any CPU.ActiveCfg = Release|Any CPU
		{B392073C-CD36-43B8-BE7D-862BDD744722}.Release|Any CPU.Build.0 = Release|Any CPU
		{B392073C-CD36-43B8-BE7D-862BDD744722}.Release|x64.ActiveCfg = Release|Any CPU
		{B392073C-CD36-43B8-BE7D-862BDD744722}.Release|x64.Build.0 = Release|Any CPU
		{217B161B-861B-468B-9D18-932DA97EC36C}.Debug|Any CPU.ActiveCfg = Debug|Any CPU
		{217B161B-861B-468B-9D18-932DA97EC36C}.Debug|Any CPU.Build.0 = Debug|Any CPU
		{217B161B-861B-468B-9D18-932DA97EC36C}.Debug|x64.ActiveCfg = Debug|Any CPU
		{217B161B-861B-468B-9D18-932DA97EC36C}.Debug|x64.Build.0 = Debug|Any CPU
		{217B161B-861B-468B-9D18-932DA97EC36C}.Release|Any CPU.ActiveCfg = Release|Any CPU
		{217B161B-861B-468B-9D18-932DA97EC36C}.Release|Any CPU.Build.0 = Release|Any CPU
		{217B161B-861B-468B-9D18-932DA97EC36C}.Release|x64.ActiveCfg = Release|Any CPU
		{217B161B-861B-468B-9D18-932DA97EC36C}.Release|x64.Build.0 = Release|Any CPU
		{DF82C0DE-B24D-453B-BAC0-FE501E0C115C}.Debug|Any CPU.ActiveCfg = Debug|Any CPU
		{DF82C0DE-B24D-453B-BAC0-FE501E0C115C}.Debug|Any CPU.Build.0 = Debug|Any CPU
		{DF82C0DE-B24D-453B-BAC0-FE501E0C115C}.Debug|x64.ActiveCfg = Debug|Any CPU
		{DF82C0DE-B24D-453B-BAC0-FE501E0C115C}.Debug|x64.Build.0 = Debug|Any CPU
		{DF82C0DE-B24D-453B-BAC0-FE501E0C115C}.Release|Any CPU.ActiveCfg = Release|Any CPU
		{DF82C0DE-B24D-453B-BAC0-FE501E0C115C}.Release|Any CPU.Build.0 = Release|Any CPU
		{DF82C0DE-B24D-453B-BAC0-FE501E0C115C}.Release|x64.ActiveCfg = Release|Any CPU
		{DF82C0DE-B24D-453B-BAC0-FE501E0C115C}.Release|x64.Build.0 = Release|Any CPU
		{ED407EE1-2489-4C90-AFEB-231E11F59ABC}.Debug|Any CPU.ActiveCfg = Debug|Any CPU
		{ED407EE1-2489-4C90-AFEB-231E11F59ABC}.Debug|Any CPU.Build.0 = Debug|Any CPU
		{ED407EE1-2489-4C90-AFEB-231E11F59ABC}.Debug|x64.ActiveCfg = Debug|Any CPU
		{ED407EE1-2489-4C90-AFEB-231E11F59ABC}.Debug|x64.Build.0 = Debug|Any CPU
		{ED407EE1-2489-4C90-AFEB-231E11F59ABC}.Release|Any CPU.ActiveCfg = Release|Any CPU
		{ED407EE1-2489-4C90-AFEB-231E11F59ABC}.Release|Any CPU.Build.0 = Release|Any CPU
		{ED407EE1-2489-4C90-AFEB-231E11F59ABC}.Release|x64.ActiveCfg = Release|Any CPU
		{ED407EE1-2489-4C90-AFEB-231E11F59ABC}.Release|x64.Build.0 = Release|Any CPU
		{863BA366-6209-4339-8D37-009BD7FCED5E}.Debug|Any CPU.ActiveCfg = Debug|Any CPU
		{863BA366-6209-4339-8D37-009BD7FCED5E}.Debug|Any CPU.Build.0 = Debug|Any CPU
		{863BA366-6209-4339-8D37-009BD7FCED5E}.Debug|x64.ActiveCfg = Debug|Any CPU
		{863BA366-6209-4339-8D37-009BD7FCED5E}.Debug|x64.Build.0 = Debug|Any CPU
		{863BA366-6209-4339-8D37-009BD7FCED5E}.Release|Any CPU.ActiveCfg = Release|Any CPU
		{863BA366-6209-4339-8D37-009BD7FCED5E}.Release|Any CPU.Build.0 = Release|Any CPU
		{863BA366-6209-4339-8D37-009BD7FCED5E}.Release|x64.ActiveCfg = Release|Any CPU
		{863BA366-6209-4339-8D37-009BD7FCED5E}.Release|x64.Build.0 = Release|Any CPU
		{EC4706EB-69CF-4EA2-A4B2-8EFD0B8A494F}.Debug|Any CPU.ActiveCfg = Debug|Any CPU
		{EC4706EB-69CF-4EA2-A4B2-8EFD0B8A494F}.Debug|Any CPU.Build.0 = Debug|Any CPU
		{EC4706EB-69CF-4EA2-A4B2-8EFD0B8A494F}.Debug|x64.ActiveCfg = Debug|Any CPU
		{EC4706EB-69CF-4EA2-A4B2-8EFD0B8A494F}.Debug|x64.Build.0 = Debug|Any CPU
		{EC4706EB-69CF-4EA2-A4B2-8EFD0B8A494F}.Release|Any CPU.ActiveCfg = Release|Any CPU
		{EC4706EB-69CF-4EA2-A4B2-8EFD0B8A494F}.Release|Any CPU.Build.0 = Release|Any CPU
		{EC4706EB-69CF-4EA2-A4B2-8EFD0B8A494F}.Release|x64.ActiveCfg = Release|Any CPU
		{EC4706EB-69CF-4EA2-A4B2-8EFD0B8A494F}.Release|x64.Build.0 = Release|Any CPU
		{49BAFAC6-9A73-4B89-A700-10B44D539C9A}.Debug|Any CPU.ActiveCfg = Debug|Any CPU
		{49BAFAC6-9A73-4B89-A700-10B44D539C9A}.Debug|Any CPU.Build.0 = Debug|Any CPU
		{49BAFAC6-9A73-4B89-A700-10B44D539C9A}.Debug|x64.ActiveCfg = Debug|Any CPU
		{49BAFAC6-9A73-4B89-A700-10B44D539C9A}.Debug|x64.Build.0 = Debug|Any CPU
		{49BAFAC6-9A73-4B89-A700-10B44D539C9A}.Release|Any CPU.ActiveCfg = Release|Any CPU
		{49BAFAC6-9A73-4B89-A700-10B44D539C9A}.Release|Any CPU.Build.0 = Release|Any CPU
		{49BAFAC6-9A73-4B89-A700-10B44D539C9A}.Release|x64.ActiveCfg = Release|Any CPU
		{49BAFAC6-9A73-4B89-A700-10B44D539C9A}.Release|x64.Build.0 = Release|Any CPU
		{32C6E6BC-1A0A-4F22-8727-17117797B1B4}.Debug|Any CPU.ActiveCfg = Debug|Any CPU
		{32C6E6BC-1A0A-4F22-8727-17117797B1B4}.Debug|Any CPU.Build.0 = Debug|Any CPU
		{32C6E6BC-1A0A-4F22-8727-17117797B1B4}.Debug|x64.ActiveCfg = Debug|Any CPU
		{32C6E6BC-1A0A-4F22-8727-17117797B1B4}.Debug|x64.Build.0 = Debug|Any CPU
		{32C6E6BC-1A0A-4F22-8727-17117797B1B4}.Release|Any CPU.ActiveCfg = Release|Any CPU
		{32C6E6BC-1A0A-4F22-8727-17117797B1B4}.Release|Any CPU.Build.0 = Release|Any CPU
		{32C6E6BC-1A0A-4F22-8727-17117797B1B4}.Release|x64.ActiveCfg = Release|Any CPU
		{32C6E6BC-1A0A-4F22-8727-17117797B1B4}.Release|x64.Build.0 = Release|Any CPU
	EndGlobalSection
	GlobalSection(SolutionProperties) = preSolution
		HideSolutionNode = FALSE
	EndGlobalSection
	GlobalSection(ExtensibilityGlobals) = postSolution
		SolutionGuid = {24F93F06-12FF-46B5-B0E0-BBF51457E2D1}
	EndGlobalSection
EndGlobal
