
Microsoft Visual Studio Solution File, Format Version 12.00
# Visual Studio Version 17
VisualStudioVersion = 17.14.36518.9 d17.14
MinimumVisualStudioVersion = 10.0.40219.1
Project("{FAE04EC0-301F-11D3-BF4B-00C04F79EFBC}") = "FoxholeArtyHelper", "FoxholeArtyHelper.csproj", "{4B91A2E7-85A2-4E14-97FA-812C2DF7CB13}"
EndProject
Global
	GlobalSection(SolutionConfigurationPlatforms) = preSolution
		Debug|Any CPU = Debug|Any CPU
		Release|Any CPU = Release|Any CPU
	EndGlobalSection
	GlobalSection(ProjectConfigurationPlatforms) = postSolution
		{4B91A2E7-85A2-4E14-97FA-812C2DF7CB13}.Debug|Any CPU.ActiveCfg = Debug|Any CPU
		{4B91A2E7-85A2-4E14-97FA-812C2DF7CB13}.Debug|Any CPU.Build.0 = Debug|Any CPU
		{4B91A2E7-85A2-4E14-97FA-812C2DF7CB13}.Release|Any CPU.ActiveCfg = Release|Any CPU
		{4B91A2E7-85A2-4E14-97FA-812C2DF7CB13}.Release|Any CPU.Build.0 = Release|Any CPU
	EndGlobalSection
	GlobalSection(SolutionProperties) = preSolution
		HideSolutionNode = FALSE
	EndGlobalSection
	GlobalSection(ExtensibilityGlobals) = postSolution
		SolutionGuid = {9BB9BC08-BC70-4E86-A57A-894E17D64856}
	EndGlobalSection
EndGlobal
