
Microsoft Visual Studio Solution File, Format Version 12.00
# Visual Studio Version 17
VisualStudioVersion = 17.9.34902.65
MinimumVisualStudioVersion = 10.0.40219.1
Project("{FAE04EC0-301F-11D3-BF4B-00C04F79EFBC}") = "Wpftest1", "Wpftest1\Wpftest1.csproj", "{3B0EBBB4-D3F5-40DA-99D0-16FF6463893C}"
EndProject
Global
	GlobalSection(SolutionConfigurationPlatforms) = preSolution
		Debug|Any CPU = Debug|Any CPU
		Release|Any CPU = Release|Any CPU
	EndGlobalSection
	GlobalSection(ProjectConfigurationPlatforms) = postSolution
		{3B0EBBB4-D3F5-40DA-99D0-16FF6463893C}.Debug|Any CPU.ActiveCfg = Debug|Any CPU
		{3B0EBBB4-D3F5-40DA-99D0-16FF6463893C}.Debug|Any CPU.Build.0 = Debug|Any CPU
		{3B0EBBB4-D3F5-40DA-99D0-16FF6463893C}.Release|Any CPU.ActiveCfg = Release|Any CPU
		{3B0EBBB4-D3F5-40DA-99D0-16FF6463893C}.Release|Any CPU.Build.0 = Release|Any CPU
	EndGlobalSection
	GlobalSection(SolutionProperties) = preSolution
		HideSolutionNode = FALSE
	EndGlobalSection
	GlobalSection(ExtensibilityGlobals) = postSolution
		SolutionGuid = {A36B1B17-E79E-4C73-AE33-D5C95576867A}
	EndGlobalSection
EndGlobal
